
Microsoft Visual Studio Solution File, Format Version 12.00
# Visual Studio Version 17
VisualStudioVersion = 17.11.35327.3
MinimumVisualStudioVersion = 10.0.40219.1
Project("{FAE04EC0-301F-11D3-BF4B-00C04F79EFBC}") = "Arduino", "Arduino\Arduino.csproj", "{3553EC3F-9D8B-44CE-8F8C-4B5FA06E5EDB}"
EndProject
Global
	GlobalSection(SolutionConfigurationPlatforms) = preSolution
		Debug|Any CPU = Debug|Any CPU
		Release|Any CPU = Release|Any CPU
	EndGlobalSection
	GlobalSection(ProjectConfigurationPlatforms) = postSolution
		{3553EC3F-9D8B-44CE-8F8C-4B5FA06E5EDB}.Debug|Any CPU.ActiveCfg = Debug|Any CPU
		{3553EC3F-9D8B-44CE-8F8C-4B5FA06E5EDB}.Debug|Any CPU.Build.0 = Debug|Any CPU
		{3553EC3F-9D8B-44CE-8F8C-4B5FA06E5EDB}.Release|Any CPU.ActiveCfg = Release|Any CPU
		{3553EC3F-9D8B-44CE-8F8C-4B5FA06E5EDB}.Release|Any CPU.Build.0 = Release|Any CPU
	EndGlobalSection
	GlobalSection(SolutionProperties) = preSolution
		HideSolutionNode = FALSE
	EndGlobalSection
	GlobalSection(ExtensibilityGlobals) = postSolution
		SolutionGuid = {3D86C5D5-AC05-45CD-9122-01C4BCF794B0}
	EndGlobalSection
EndGlobal
